// !$*UTF8*$!
{
	archiveVersion = 1;
	classes = {
	};
	objectVersion = 51;
	objects = {

/* Begin PBXBuildFile section */
		3D2E749823A72C5B00D257CB /* AppDelegate.swift in Sources */ = {isa = PBXBuildFile; fileRef = 3D2E749723A72C5B00D257CB /* AppDelegate.swift */; };
		3D2E749A23A72C5B00D257CB /* SceneDelegate.swift in Sources */ = {isa = PBXBuildFile; fileRef = 3D2E749923A72C5B00D257CB /* SceneDelegate.swift */; };
		3D2E749C23A72C5B00D257CB /* WeatherViewController.swift in Sources */ = {isa = PBXBuildFile; fileRef = 3D2E749B23A72C5B00D257CB /* WeatherViewController.swift */; };
		3D2E749F23A72C5B00D257CB /* Main.storyboard in Resources */ = {isa = PBXBuildFile; fileRef = 3D2E749D23A72C5B00D257CB /* Main.storyboard */; };
		3D2E74A123A72C5F00D257CB /* Assets.xcassets in Resources */ = {isa = PBXBuildFile; fileRef = 3D2E74A023A72C5F00D257CB /* Assets.xcassets */; };
		3D2E74A423A72C5F00D257CB /* LaunchScreen.storyboard in Resources */ = {isa = PBXBuildFile; fileRef = 3D2E74A223A72C5F00D257CB /* LaunchScreen.storyboard */; };
		3D2E74B023A73F2500D257CB /* PressureService.swift in Sources */ = {isa = PBXBuildFile; fileRef = 3D2E74AF23A73F2500D257CB /* PressureService.swift */; };
		3D2E74B223A74BDF00D257CB /* SchedulerService.swift in Sources */ = {isa = PBXBuildFile; fileRef = 3D2E74B123A74BDF00D257CB /* SchedulerService.swift */; };
		3D2E74B423A76BF400D257CB /* WeatherModel.swift in Sources */ = {isa = PBXBuildFile; fileRef = 3D2E74B323A76BF400D257CB /* WeatherModel.swift */; };
		3D2E74B623A76C0700D257CB /* Weather.swift in Sources */ = {isa = PBXBuildFile; fileRef = 3D2E74B523A76C0700D257CB /* Weather.swift */; };
		3D2E74B823A76E7400D257CB /* WeatherRLM.swift in Sources */ = {isa = PBXBuildFile; fileRef = 3D2E74B723A76E7400D257CB /* WeatherRLM.swift */; };
		DD9DE13913B9598B793D67A1 /* Pods_OffWeather.framework in Frameworks */ = {isa = PBXBuildFile; fileRef = 07EB14772A63236DB239886E /* Pods_OffWeather.framework */; };
/* End PBXBuildFile section */

/* Begin PBXFileReference section */
		07EB14772A63236DB239886E /* Pods_OffWeather.framework */ = {isa = PBXFileReference; explicitFileType = wrapper.framework; includeInIndex = 0; path = Pods_OffWeather.framework; sourceTree = BUILT_PRODUCTS_DIR; };
		3D2E749423A72C5B00D257CB /* OffWeather.app */ = {isa = PBXFileReference; explicitFileType = wrapper.application; includeInIndex = 0; path = OffWeather.app; sourceTree = BUILT_PRODUCTS_DIR; };
		3D2E749723A72C5B00D257CB /* AppDelegate.swift */ = {isa = PBXFileReference; lastKnownFileType = sourcecode.swift; path = AppDelegate.swift; sourceTree = "<group>"; };
		3D2E749923A72C5B00D257CB /* SceneDelegate.swift */ = {isa = PBXFileReference; lastKnownFileType = sourcecode.swift; path = SceneDelegate.swift; sourceTree = "<group>"; };
		3D2E749B23A72C5B00D257CB /* WeatherViewController.swift */ = {isa = PBXFileReference; lastKnownFileType = sourcecode.swift; path = WeatherViewController.swift; sourceTree = "<group>"; };
		3D2E749E23A72C5B00D257CB /* Base */ = {isa = PBXFileReference; lastKnownFileType = file.storyboard; name = Base; path = Base.lproj/Main.storyboard; sourceTree = "<group>"; };
		3D2E74A023A72C5F00D257CB /* Assets.xcassets */ = {isa = PBXFileReference; lastKnownFileType = folder.assetcatalog; path = Assets.xcassets; sourceTree = "<group>"; };
		3D2E74A323A72C5F00D257CB /* Base */ = {isa = PBXFileReference; lastKnownFileType = file.storyboard; name = Base; path = Base.lproj/LaunchScreen.storyboard; sourceTree = "<group>"; };
		3D2E74A523A72C5F00D257CB /* Info.plist */ = {isa = PBXFileReference; lastKnownFileType = text.plist.xml; path = Info.plist; sourceTree = "<group>"; };
		3D2E74AF23A73F2500D257CB /* PressureService.swift */ = {isa = PBXFileReference; lastKnownFileType = sourcecode.swift; path = PressureService.swift; sourceTree = "<group>"; };
		3D2E74B123A74BDF00D257CB /* SchedulerService.swift */ = {isa = PBXFileReference; lastKnownFileType = sourcecode.swift; path = SchedulerService.swift; sourceTree = "<group>"; };
		3D2E74B323A76BF400D257CB /* WeatherModel.swift */ = {isa = PBXFileReference; lastKnownFileType = sourcecode.swift; path = WeatherModel.swift; sourceTree = "<group>"; };
		3D2E74B523A76C0700D257CB /* Weather.swift */ = {isa = PBXFileReference; lastKnownFileType = sourcecode.swift; path = Weather.swift; sourceTree = "<group>"; };
		3D2E74B723A76E7400D257CB /* WeatherRLM.swift */ = {isa = PBXFileReference; lastKnownFileType = sourcecode.swift; path = WeatherRLM.swift; sourceTree = "<group>"; };
		7CA4676C2076C9CB8DBCA1F1 /* Pods-OffWeather.debug.xcconfig */ = {isa = PBXFileReference; includeInIndex = 1; lastKnownFileType = text.xcconfig; name = "Pods-OffWeather.debug.xcconfig"; path = "Target Support Files/Pods-OffWeather/Pods-OffWeather.debug.xcconfig"; sourceTree = "<group>"; };
		FD48AAEBF96534B6A786BD59 /* Pods-OffWeather.release.xcconfig */ = {isa = PBXFileReference; includeInIndex = 1; lastKnownFileType = text.xcconfig; name = "Pods-OffWeather.release.xcconfig"; path = "Target Support Files/Pods-OffWeather/Pods-OffWeather.release.xcconfig"; sourceTree = "<group>"; };
/* End PBXFileReference section */

/* Begin PBXFrameworksBuildPhase section */
		3D2E749123A72C5B00D257CB /* Frameworks */ = {
			isa = PBXFrameworksBuildPhase;
			buildActionMask = 2147483647;
			files = (
				DD9DE13913B9598B793D67A1 /* Pods_OffWeather.framework in Frameworks */,
			);
			runOnlyForDeploymentPostprocessing = 0;
		};
/* End PBXFrameworksBuildPhase section */

/* Begin PBXGroup section */
		042A8C7A57B217AC924CB881 /* Pods */ = {
			isa = PBXGroup;
			children = (
				7CA4676C2076C9CB8DBCA1F1 /* Pods-OffWeather.debug.xcconfig */,
				FD48AAEBF96534B6A786BD59 /* Pods-OffWeather.release.xcconfig */,
			);
			path = Pods;
			sourceTree = "<group>";
		};
		3D2E748B23A72C5B00D257CB = {
			isa = PBXGroup;
			children = (
				3D2E749623A72C5B00D257CB /* OffWeather */,
				3D2E749523A72C5B00D257CB /* Products */,
				042A8C7A57B217AC924CB881 /* Pods */,
				4A447BBD11792A922D0A0AE2 /* Frameworks */,
			);
			sourceTree = "<group>";
		};
		3D2E749523A72C5B00D257CB /* Products */ = {
			isa = PBXGroup;
			children = (
				3D2E749423A72C5B00D257CB /* OffWeather.app */,
			);
			name = Products;
			sourceTree = "<group>";
		};
		3D2E749623A72C5B00D257CB /* OffWeather */ = {
			isa = PBXGroup;
			children = (
				3D2E74AE23A73E7200D257CB /* Services */,
				3D2E74AC23A72D9F00D257CB /* Models */,
				3D2E74AB23A72D9600D257CB /* Views */,
				3D2E749723A72C5B00D257CB /* AppDelegate.swift */,
				3D2E749923A72C5B00D257CB /* SceneDelegate.swift */,
				3D2E74A023A72C5F00D257CB /* Assets.xcassets */,
				3D2E74A523A72C5F00D257CB /* Info.plist */,
			);
			path = OffWeather;
			sourceTree = "<group>";
		};
		3D2E74AB23A72D9600D257CB /* Views */ = {
			isa = PBXGroup;
			children = (
				3D2E74A223A72C5F00D257CB /* LaunchScreen.storyboard */,
				3D2E749D23A72C5B00D257CB /* Main.storyboard */,
				3D2E749B23A72C5B00D257CB /* WeatherViewController.swift */,
			);
			path = Views;
			sourceTree = "<group>";
		};
		3D2E74AC23A72D9F00D257CB /* Models */ = {
			isa = PBXGroup;
			children = (
				3D2E74B323A76BF400D257CB /* WeatherModel.swift */,
				3D2E74B523A76C0700D257CB /* Weather.swift */,
				3D2E74B723A76E7400D257CB /* WeatherRLM.swift */,
			);
			path = Models;
			sourceTree = "<group>";
		};
		3D2E74AE23A73E7200D257CB /* Services */ = {
			isa = PBXGroup;
			children = (
				3D2E74AF23A73F2500D257CB /* PressureService.swift */,
				3D2E74B123A74BDF00D257CB /* SchedulerService.swift */,
			);
			path = Services;
			sourceTree = "<group>";
		};
		4A447BBD11792A922D0A0AE2 /* Frameworks */ = {
			isa = PBXGroup;
			children = (
				07EB14772A63236DB239886E /* Pods_OffWeather.framework */,
			);
			name = Frameworks;
			sourceTree = "<group>";
		};
/* End PBXGroup section */

/* Begin PBXNativeTarget section */
		3D2E749323A72C5B00D257CB /* OffWeather */ = {
			isa = PBXNativeTarget;
			buildConfigurationList = 3D2E74A823A72C5F00D257CB /* Build configuration list for PBXNativeTarget "OffWeather" */;
			buildPhases = (
				0F9B3A61EEA96C38FF1B78A4 /* [CP] Check Pods Manifest.lock */,
				3D2E749023A72C5B00D257CB /* Sources */,
				3D2E749123A72C5B00D257CB /* Frameworks */,
				3D2E749223A72C5B00D257CB /* Resources */,
				067F199C014853F084EFEF23 /* [CP] Embed Pods Frameworks */,
			);
			buildRules = (
			);
			dependencies = (
			);
			name = OffWeather;
			productName = OffWeather;
			productReference = 3D2E749423A72C5B00D257CB /* OffWeather.app */;
			productType = "com.apple.product-type.application";
		};
/* End PBXNativeTarget section */

/* Begin PBXProject section */
		3D2E748C23A72C5B00D257CB /* Project object */ = {
			isa = PBXProject;
			attributes = {
				LastSwiftUpdateCheck = 1110;
				LastUpgradeCheck = 1110;
				ORGANIZATIONNAME = Rirex;
				TargetAttributes = {
					3D2E749323A72C5B00D257CB = {
						CreatedOnToolsVersion = 11.1;
					};
				};
			};
			buildConfigurationList = 3D2E748F23A72C5B00D257CB /* Build configuration list for PBXProject "OffWeather" */;
			compatibilityVersion = "Xcode 9.3";
			developmentRegion = en;
			hasScannedForEncodings = 0;
			knownRegions = (
				en,
				Base,
			);
			mainGroup = 3D2E748B23A72C5B00D257CB;
			productRefGroup = 3D2E749523A72C5B00D257CB /* Products */;
			projectDirPath = "";
			projectRoot = "";
			targets = (
				3D2E749323A72C5B00D257CB /* OffWeather */,
			);
		};
/* End PBXProject section */

/* Begin PBXResourcesBuildPhase section */
		3D2E749223A72C5B00D257CB /* Resources */ = {
			isa = PBXResourcesBuildPhase;
			buildActionMask = 2147483647;
			files = (
				3D2E74A423A72C5F00D257CB /* LaunchScreen.storyboard in Resources */,
				3D2E74A123A72C5F00D257CB /* Assets.xcassets in Resources */,
				3D2E749F23A72C5B00D257CB /* Main.storyboard in Resources */,
			);
			runOnlyForDeploymentPostprocessing = 0;
		};
/* End PBXResourcesBuildPhase section */

/* Begin PBXShellScriptBuildPhase section */
		067F199C014853F084EFEF23 /* [CP] Embed Pods Frameworks */ = {
			isa = PBXShellScriptBuildPhase;
			buildActionMask = 2147483647;
			files = (
			);
			inputFileListPaths = (
				"${PODS_ROOT}/Target Support Files/Pods-OffWeather/Pods-OffWeather-frameworks-${CONFIGURATION}-input-files.xcfilelist",
			);
			name = "[CP] Embed Pods Frameworks";
			outputFileListPaths = (
				"${PODS_ROOT}/Target Support Files/Pods-OffWeather/Pods-OffWeather-frameworks-${CONFIGURATION}-output-files.xcfilelist",
			);
			runOnlyForDeploymentPostprocessing = 0;
			shellPath = /bin/sh;
			shellScript = "\"${PODS_ROOT}/Target Support Files/Pods-OffWeather/Pods-OffWeather-frameworks.sh\"\n";
			showEnvVarsInLog = 0;
		};
		0F9B3A61EEA96C38FF1B78A4 /* [CP] Check Pods Manifest.lock */ = {
			isa = PBXShellScriptBuildPhase;
			buildActionMask = 2147483647;
			files = (
			);
			inputFileListPaths = (
			);
			inputPaths = (
				"${PODS_PODFILE_DIR_PATH}/Podfile.lock",
				"${PODS_ROOT}/Manifest.lock",
			);
			name = "[CP] Check Pods Manifest.lock";
			outputFileListPaths = (
			);
			outputPaths = (
				"$(DERIVED_FILE_DIR)/Pods-OffWeather-checkManifestLockResult.txt",
			);
			runOnlyForDeploymentPostprocessing = 0;
			shellPath = /bin/sh;
			shellScript = "diff \"${PODS_PODFILE_DIR_PATH}/Podfile.lock\" \"${PODS_ROOT}/Manifest.lock\" > /dev/null\nif [ $? != 0 ] ; then\n    # print error to STDERR\n    echo \"error: The sandbox is not in sync with the Podfile.lock. Run 'pod install' or update your CocoaPods installation.\" >&2\n    exit 1\nfi\n# This output is used by Xcode 'outputs' to avoid re-running this script phase.\necho \"SUCCESS\" > \"${SCRIPT_OUTPUT_FILE_0}\"\n";
			showEnvVarsInLog = 0;
		};
/* End PBXShellScriptBuildPhase section */

/* Begin PBXSourcesBuildPhase section */
		3D2E749023A72C5B00D257CB /* Sources */ = {
			isa = PBXSourcesBuildPhase;
			buildActionMask = 2147483647;
			files = (
				3D2E749C23A72C5B00D257CB /* WeatherViewController.swift in Sources */,
				3D2E74B023A73F2500D257CB /* PressureService.swift in Sources */,
				3D2E74B223A74BDF00D257CB /* SchedulerService.swift in Sources */,
				3D2E749823A72C5B00D257CB /* AppDelegate.swift in Sources */,
				3D2E74B423A76BF400D257CB /* WeatherModel.swift in Sources */,
				3D2E749A23A72C5B00D257CB /* SceneDelegate.swift in Sources */,
				3D2E74B823A76E7400D257CB /* WeatherRLM.swift in Sources */,
				3D2E74B623A76C0700D257CB /* Weather.swift in Sources */,
			);
			runOnlyForDeploymentPostprocessing = 0;
		};
/* End PBXSourcesBuildPhase section */

/* Begin PBXVariantGroup section */
		3D2E749D23A72C5B00D257CB /* Main.storyboard */ = {
			isa = PBXVariantGroup;
			children = (
				3D2E749E23A72C5B00D257CB /* Base */,
			);
			name = Main.storyboard;
			sourceTree = "<group>";
		};
		3D2E74A223A72C5F00D257CB /* LaunchScreen.storyboard */ = {
			isa = PBXVariantGroup;
			children = (
				3D2E74A323A72C5F00D257CB /* Base */,
			);
			name = LaunchScreen.storyboard;
			sourceTree = "<group>";
		};
/* End PBXVariantGroup section */

/* Begin XCBuildConfiguration section */
		3D2E74A623A72C5F00D257CB /* Debug */ = {
			isa = XCBuildConfiguration;
			buildSettings = {
				ALWAYS_SEARCH_USER_PATHS = NO;
				CLANG_ANALYZER_NONNULL = YES;
				CLANG_ANALYZER_NUMBER_OBJECT_CONVERSION = YES_AGGRESSIVE;
				CLANG_CXX_LANGUAGE_STANDARD = "gnu++14";
				CLANG_CXX_LIBRARY = "libc++";
				CLANG_ENABLE_MODULES = YES;
				CLANG_ENABLE_OBJC_ARC = YES;
				CLANG_ENABLE_OBJC_WEAK = YES;
				CLANG_WARN_BLOCK_CAPTURE_AUTORELEASING = YES;
				CLANG_WARN_BOOL_CONVERSION = YES;
				CLANG_WARN_COMMA = YES;
				CLANG_WARN_CONSTANT_CONVERSION = YES;
				CLANG_WARN_DEPRECATED_OBJC_IMPLEMENTATIONS = YES;
				CLANG_WARN_DIRECT_OBJC_ISA_USAGE = YES_ERROR;
				CLANG_WARN_DOCUMENTATION_COMMENTS = YES;
				CLANG_WARN_EMPTY_BODY = YES;
				CLANG_WARN_ENUM_CONVERSION = YES;
				CLANG_WARN_INFINITE_RECURSION = YES;
				CLANG_WARN_INT_CONVERSION = YES;
				CLANG_WARN_NON_LITERAL_NULL_CONVERSION = YES;
				CLANG_WARN_OBJC_IMPLICIT_RETAIN_SELF = YES;
				CLANG_WARN_OBJC_LITERAL_CONVERSION = YES;
				CLANG_WARN_OBJC_ROOT_CLASS = YES_ERROR;
				CLANG_WARN_RANGE_LOOP_ANALYSIS = YES;
				CLANG_WARN_STRICT_PROTOTYPES = YES;
				CLANG_WARN_SUSPICIOUS_MOVE = YES;
				CLANG_WARN_UNGUARDED_AVAILABILITY = YES_AGGRESSIVE;
				CLANG_WARN_UNREACHABLE_CODE = YES;
				CLANG_WARN__DUPLICATE_METHOD_MATCH = YES;
				COPY_PHASE_STRIP = NO;
				DEBUG_INFORMATION_FORMAT = dwarf;
				ENABLE_STRICT_OBJC_MSGSEND = YES;
				ENABLE_TESTABILITY = YES;
				GCC_C_LANGUAGE_STANDARD = gnu11;
				GCC_DYNAMIC_NO_PIC = NO;
				GCC_NO_COMMON_BLOCKS = YES;
				GCC_OPTIMIZATION_LEVEL = 0;
				GCC_PREPROCESSOR_DEFINITIONS = (
					"DEBUG=1",
					"$(inherited)",
				);
				GCC_WARN_64_TO_32_BIT_CONVERSION = YES;
				GCC_WARN_ABOUT_RETURN_TYPE = YES_ERROR;
				GCC_WARN_UNDECLARED_SELECTOR = YES;
				GCC_WARN_UNINITIALIZED_AUTOS = YES_AGGRESSIVE;
				GCC_WARN_UNUSED_FUNCTION = YES;
				GCC_WARN_UNUSED_VARIABLE = YES;
				IPHONEOS_DEPLOYMENT_TARGET = 13.1;
				MTL_ENABLE_DEBUG_INFO = INCLUDE_SOURCE;
				MTL_FAST_MATH = YES;
				ONLY_ACTIVE_ARCH = YES;
				SDKROOT = iphoneos;
				SWIFT_ACTIVE_COMPILATION_CONDITIONS = DEBUG;
				SWIFT_OPTIMIZATION_LEVEL = "-Onone";
			};
			name = Debug;
		};
		3D2E74A723A72C5F00D257CB /* Release */ = {
			isa = XCBuildConfiguration;
			buildSettings = {
				ALWAYS_SEARCH_USER_PATHS = NO;
				CLANG_ANALYZER_NONNULL = YES;
				CLANG_ANALYZER_NUMBER_OBJECT_CONVERSION = YES_AGGRESSIVE;
				CLANG_CXX_LANGUAGE_STANDARD = "gnu++14";
				CLANG_CXX_LIBRARY = "libc++";
				CLANG_ENABLE_MODULES = YES;
				CLANG_ENABLE_OBJC_ARC = YES;
				CLANG_ENABLE_OBJC_WEAK = YES;
				CLANG_WARN_BLOCK_CAPTURE_AUTORELEASING = YES;
				CLANG_WARN_BOOL_CONVERSION = YES;
				CLANG_WARN_COMMA = YES;
				CLANG_WARN_CONSTANT_CONVERSION = YES;
				CLANG_WARN_DEPRECATED_OBJC_IMPLEMENTATIONS = YES;
				CLANG_WARN_DIRECT_OBJC_ISA_USAGE = YES_ERROR;
				CLANG_WARN_DOCUMENTATION_COMMENTS = YES;
				CLANG_WARN_EMPTY_BODY = YES;
				CLANG_WARN_ENUM_CONVERSION = YES;
				CLANG_WARN_INFINITE_RECURSION = YES;
				CLANG_WARN_INT_CONVERSION = YES;
				CLANG_WARN_NON_LITERAL_NULL_CONVERSION = YES;
				CLANG_WARN_OBJC_IMPLICIT_RETAIN_SELF = YES;
				CLANG_WARN_OBJC_LITERAL_CONVERSION = YES;
				CLANG_WARN_OBJC_ROOT_CLASS = YES_ERROR;
				CLANG_WARN_RANGE_LOOP_ANALYSIS = YES;
				CLANG_WARN_STRICT_PROTOTYPES = YES;
				CLANG_WARN_SUSPICIOUS_MOVE = YES;
				CLANG_WARN_UNGUARDED_AVAILABILITY = YES_AGGRESSIVE;
				CLANG_WARN_UNREACHABLE_CODE = YES;
				CLANG_WARN__DUPLICATE_METHOD_MATCH = YES;
				COPY_PHASE_STRIP = NO;
				DEBUG_INFORMATION_FORMAT = "dwarf-with-dsym";
				ENABLE_NS_ASSERTIONS = NO;
				ENABLE_STRICT_OBJC_MSGSEND = YES;
				GCC_C_LANGUAGE_STANDARD = gnu11;
				GCC_NO_COMMON_BLOCKS = YES;
				GCC_WARN_64_TO_32_BIT_CONVERSION = YES;
				GCC_WARN_ABOUT_RETURN_TYPE = YES_ERROR;
				GCC_WARN_UNDECLARED_SELECTOR = YES;
				GCC_WARN_UNINITIALIZED_AUTOS = YES_AGGRESSIVE;
				GCC_WARN_UNUSED_FUNCTION = YES;
				GCC_WARN_UNUSED_VARIABLE = YES;
				IPHONEOS_DEPLOYMENT_TARGET = 13.1;
				MTL_ENABLE_DEBUG_INFO = NO;
				MTL_FAST_MATH = YES;
				SDKROOT = iphoneos;
				SWIFT_COMPILATION_MODE = wholemodule;
				SWIFT_OPTIMIZATION_LEVEL = "-O";
				VALIDATE_PRODUCT = YES;
			};
			name = Release;
		};
		3D2E74A923A72C5F00D257CB /* Debug */ = {
			isa = XCBuildConfiguration;
			baseConfigurationReference = 7CA4676C2076C9CB8DBCA1F1 /* Pods-OffWeather.debug.xcconfig */;
			buildSettings = {
				ASSETCATALOG_COMPILER_APPICON_NAME = AppIcon;
				CODE_SIGN_STYLE = Automatic;
				DEVELOPMENT_TEAM = W9QV9753NK;
				INFOPLIST_FILE = OffWeather/Info.plist;
				LD_RUNPATH_SEARCH_PATHS = (
					"$(inherited)",
					"@executable_path/Frameworks",
				);
				PRODUCT_BUNDLE_IDENTIFIER = net.rirex.OffWeather;
				PRODUCT_NAME = "$(TARGET_NAME)";
				SWIFT_VERSION = 5.0;
				TARGETED_DEVICE_FAMILY = "1,2";
			};
			name = Debug;
		};
		3D2E74AA23A72C5F00D257CB /* Release */ = {
			isa = XCBuildConfiguration;
			baseConfigurationReference = FD48AAEBF96534B6A786BD59 /* Pods-OffWeather.release.xcconfig */;
			buildSettings = {
				ASSETCATALOG_COMPILER_APPICON_NAME = AppIcon;
				CODE_SIGN_STYLE = Automatic;
				DEVELOPMENT_TEAM = W9QV9753NK;
				INFOPLIST_FILE = OffWeather/Info.plist;
				LD_RUNPATH_SEARCH_PATHS = (
					"$(inherited)",
					"@executable_path/Frameworks",
				);
				PRODUCT_BUNDLE_IDENTIFIER = net.rirex.OffWeather;
				PRODUCT_NAME = "$(TARGET_NAME)";
				SWIFT_VERSION = 5.0;
				TARGETED_DEVICE_FAMILY = "1,2";
			};
			name = Release;
		};
/* End XCBuildConfiguration section */

/* Begin XCConfigurationList section */
		3D2E748F23A72C5B00D257CB /* Build configuration list for PBXProject "OffWeather" */ = {
			isa = XCConfigurationList;
			buildConfigurations = (
				3D2E74A623A72C5F00D257CB /* Debug */,
				3D2E74A723A72C5F00D257CB /* Release */,
			);
			defaultConfigurationIsVisible = 0;
			defaultConfigurationName = Release;
		};
		3D2E74A823A72C5F00D257CB /* Build configuration list for PBXNativeTarget "OffWeather" */ = {
			isa = XCConfigurationList;
			buildConfigurations = (
				3D2E74A923A72C5F00D257CB /* Debug */,
				3D2E74AA23A72C5F00D257CB /* Release */,
			);
			defaultConfigurationIsVisible = 0;
			defaultConfigurationName = Release;
		};
/* End XCConfigurationList section */
	};
	rootObject = 3D2E748C23A72C5B00D257CB /* Project object */;
}
